
Microsoft Visual Studio Solution File, Format Version 12.00
# Visual Studio Version 17
VisualStudioVersion = 17.10.35013.160
MinimumVisualStudioVersion = 10.0.40219.1
Project("{FAE04EC0-301F-11D3-BF4B-00C04F79EFBC}") = "ClassLibrary1", "ClassLibrary1.csproj", "{6D2011FE-29E3-492B-9443-1B2CA5B1DB7A}"
EndProject
Global
	GlobalSection(SolutionConfigurationPlatforms) = preSolution
		Debug|Any CPU = Debug|Any CPU
		Release|Any CPU = Release|Any CPU
	EndGlobalSection
	GlobalSection(ProjectConfigurationPlatforms) = postSolution
		{6D2011FE-29E3-492B-9443-1B2CA5B1DB7A}.Debug|Any CPU.ActiveCfg = Debug|Any CPU
		{6D2011FE-29E3-492B-9443-1B2CA5B1DB7A}.Debug|Any CPU.Build.0 = Debug|Any CPU
		{6D2011FE-29E3-492B-9443-1B2CA5B1DB7A}.Release|Any CPU.ActiveCfg = Release|Any CPU
		{6D2011FE-29E3-492B-9443-1B2CA5B1DB7A}.Release|Any CPU.Build.0 = Release|Any CPU
	EndGlobalSection
	GlobalSection(SolutionProperties) = preSolution
		HideSolutionNode = FALSE
	EndGlobalSection
	GlobalSection(ExtensibilityGlobals) = postSolution
		SolutionGuid = {A347A209-DAA7-44FD-B6D5-C3D13D67010B}
	EndGlobalSection
EndGlobal
