
Microsoft Visual Studio Solution File, Format Version 12.00
# Visual Studio Version 17
VisualStudioVersion = 17.10.35013.160
MinimumVisualStudioVersion = 10.0.40219.1
Project("{FAE04EC0-301F-11D3-BF4B-00C04F79EFBC}") = "MODELdb", "MODELdb.csproj", "{C4CC8F40-0ABC-4890-8D61-9EA6464E319E}"
EndProject
Global
	GlobalSection(SolutionConfigurationPlatforms) = preSolution
		Debug|Any CPU = Debug|Any CPU
		Release|Any CPU = Release|Any CPU
	EndGlobalSection
	GlobalSection(ProjectConfigurationPlatforms) = postSolution
		{C4CC8F40-0ABC-4890-8D61-9EA6464E319E}.Debug|Any CPU.ActiveCfg = Debug|Any CPU
		{C4CC8F40-0ABC-4890-8D61-9EA6464E319E}.Debug|Any CPU.Build.0 = Debug|Any CPU
		{C4CC8F40-0ABC-4890-8D61-9EA6464E319E}.Release|Any CPU.ActiveCfg = Release|Any CPU
		{C4CC8F40-0ABC-4890-8D61-9EA6464E319E}.Release|Any CPU.Build.0 = Release|Any CPU
	EndGlobalSection
	GlobalSection(SolutionProperties) = preSolution
		HideSolutionNode = FALSE
	EndGlobalSection
	GlobalSection(ExtensibilityGlobals) = postSolution
		SolutionGuid = {6A651B44-E6A1-4D60-B83F-0F3602545FCE}
	EndGlobalSection
EndGlobal
